
Microsoft Visual Studio Solution File, Format Version 12.00
# Visual Studio Version 17
VisualStudioVersion = 17.8.34316.72
MinimumVisualStudioVersion = 10.0.40219.1
Project("{9A19103F-16F7-4668-BE54-9A1E7A4F7556}") = "lab3", "lab2.2\lab3.csproj", "{C7E4E76E-D934-4C8F-8D9D-21B06F9BCDF2}"
EndProject
Global
	GlobalSection(SolutionConfigurationPlatforms) = preSolution
		Debug|Any CPU = Debug|Any CPU
		Release|Any CPU = Release|Any CPU
	EndGlobalSection
	GlobalSection(ProjectConfigurationPlatforms) = postSolution
		{C7E4E76E-D934-4C8F-8D9D-21B06F9BCDF2}.Debug|Any CPU.ActiveCfg = Debug|Any CPU
		{C7E4E76E-D934-4C8F-8D9D-21B06F9BCDF2}.Debug|Any CPU.Build.0 = Debug|Any CPU
		{C7E4E76E-D934-4C8F-8D9D-21B06F9BCDF2}.Release|Any CPU.ActiveCfg = Release|Any CPU
		{C7E4E76E-D934-4C8F-8D9D-21B06F9BCDF2}.Release|Any CPU.Build.0 = Release|Any CPU
	EndGlobalSection
	GlobalSection(SolutionProperties) = preSolution
		HideSolutionNode = FALSE
	EndGlobalSection
	GlobalSection(ExtensibilityGlobals) = postSolution
		SolutionGuid = {05D04CE5-0042-458D-A09A-A0BF0CBD79F5}
	EndGlobalSection
EndGlobal
